{
  "name": "forontend",
  "lockfileVersion": 3,
  "requires": true,
  "packages": {
    "": {
      "dependencies": {
        "@cosmjs/json-rpc": "^0.32.4",
        "@neutron-org/client-ts": "^1.4.0",
        "@neutron-org/neutronjs": "^4.2.0",
        "@tendermint/amino-js": "github:cosmos/amino-js",
        "protobufjs": "^7.4.0"
      }
    },
    "node_modules/@confio/ics23": {
      "version": "0.6.8",
      "license": "Apache-2.0",
      "dependencies": {
        "@noble/hashes": "^1.0.0",
        "protobufjs": "^6.8.8"
      }
    },
    "node_modules/@confio/ics23/node_modules/protobufjs": {
      "version": "6.11.4",
      "hasInstallScript": true,
      "license": "BSD-3-Clause",
      "dependencies": {
        "@protobufjs/aspromise": "^1.1.2",
        "@protobufjs/base64": "^1.1.2",
        "@protobufjs/codegen": "^2.0.4",
        "@protobufjs/eventemitter": "^1.1.0",
        "@protobufjs/fetch": "^1.1.0",
        "@protobufjs/float": "^1.0.2",
        "@protobufjs/inquire": "^1.1.0",
        "@protobufjs/path": "^1.1.2",
        "@protobufjs/pool": "^1.1.0",
        "@protobufjs/utf8": "^1.1.0",
        "@types/long": "^4.0.1",
        "@types/node": ">=13.7.0",
        "long": "^4.0.0"
      },
      "bin": {
        "pbjs": "bin/pbjs",
        "pbts": "bin/pbts"
      }
    },
    "node_modules/@confio/ics23/node_modules/protobufjs/node_modules/long": {
      "version": "4.0.0",
      "license": "Apache-2.0"
    },
    "node_modules/@cosmjs/amino": {
      "version": "0.27.0",
      "license": "Apache-2.0",
      "dependencies": {
        "@cosmjs/crypto": "0.27.0",
        "@cosmjs/encoding": "0.27.0",
        "@cosmjs/math": "0.27.0",
        "@cosmjs/utils": "0.27.0"
      }
    },
    "node_modules/@cosmjs/crypto": {
      "version": "0.27.0",
      "license": "Apache-2.0",
      "dependencies": {
        "@cosmjs/encoding": "0.27.0",
        "@cosmjs/math": "0.27.0",
        "@cosmjs/utils": "0.27.0",
        "bip39": "^3.0.2",
        "bn.js": "^5.2.0",
        "elliptic": "^6.5.3",
        "js-sha3": "^0.8.0",
        "libsodium-wrappers": "^0.7.6",
        "ripemd160": "^2.0.2",
        "sha.js": "^2.4.11"
      }
    },
    "node_modules/@cosmjs/encoding": {
      "version": "0.27.0",
      "license": "Apache-2.0",
      "dependencies": {
        "base64-js": "^1.3.0",
        "bech32": "^1.1.4",
        "readonly-date": "^1.0.0"
      }
    },
    "node_modules/@cosmjs/json-rpc": {
      "version": "0.32.4",
      "license": "Apache-2.0",
      "dependencies": {
        "@cosmjs/stream": "^0.32.4",
        "xstream": "^11.14.0"
      }
    },
    "node_modules/@cosmjs/launchpad": {
      "version": "0.27.0",
      "license": "Apache-2.0",
      "dependencies": {
        "@cosmjs/amino": "0.27.0",
        "@cosmjs/crypto": "0.27.0",
        "@cosmjs/encoding": "0.27.0",
        "@cosmjs/math": "0.27.0",
        "@cosmjs/utils": "0.27.0",
        "axios": "^0.21.2",
        "fast-deep-equal": "^3.1.3"
      }
    },
    "node_modules/@cosmjs/launchpad/node_modules/axios": {
      "version": "0.21.4",
      "license": "MIT",
      "dependencies": {
        "follow-redirects": "^1.14.0"
      }
    },
    "node_modules/@cosmjs/math": {
      "version": "0.27.0",
      "license": "Apache-2.0",
      "dependencies": {
        "bn.js": "^5.2.0"
      }
    },
    "node_modules/@cosmjs/proto-signing": {
      "version": "0.27.0",
      "license": "Apache-2.0",
      "dependencies": {
        "@cosmjs/amino": "0.27.0",
        "@cosmjs/crypto": "0.27.0",
        "@cosmjs/math": "0.27.0",
        "cosmjs-types": "^0.4.0",
        "long": "^4.0.0",
        "protobufjs": "~6.10.2"
      }
    },
    "node_modules/@cosmjs/proto-signing/node_modules/long": {
      "version": "4.0.0",
      "license": "Apache-2.0"
    },
    "node_modules/@cosmjs/proto-signing/node_modules/protobufjs": {
      "version": "6.10.3",
      "hasInstallScript": true,
      "license": "BSD-3-Clause",
      "dependencies": {
        "@protobufjs/aspromise": "^1.1.2",
        "@protobufjs/base64": "^1.1.2",
        "@protobufjs/codegen": "^2.0.4",
        "@protobufjs/eventemitter": "^1.1.0",
        "@protobufjs/fetch": "^1.1.0",
        "@protobufjs/float": "^1.0.2",
        "@protobufjs/inquire": "^1.1.0",
        "@protobufjs/path": "^1.1.2",
        "@protobufjs/pool": "^1.1.0",
        "@protobufjs/utf8": "^1.1.0",
        "@types/long": "^4.0.1",
        "@types/node": "^13.7.0",
        "long": "^4.0.0"
      },
      "bin": {
        "pbjs": "bin/pbjs",
        "pbts": "bin/pbts"
      }
    },
    "node_modules/@cosmjs/proto-signing/node_modules/protobufjs/node_modules/@types/node": {
      "version": "13.13.52",
      "license": "MIT"
    },
    "node_modules/@cosmjs/socket": {
      "version": "0.27.0",
      "license": "Apache-2.0",
      "dependencies": {
        "@cosmjs/stream": "0.27.0",
        "isomorphic-ws": "^4.0.1",
        "ws": "^7",
        "xstream": "^11.14.0"
      }
    },
    "node_modules/@cosmjs/socket/node_modules/@cosmjs/stream": {
      "version": "0.27.0",
      "license": "Apache-2.0",
      "dependencies": {
        "xstream": "^11.14.0"
      }
    },
    "node_modules/@cosmjs/stargate": {
      "version": "0.27.0",
      "license": "Apache-2.0",
      "dependencies": {
        "@confio/ics23": "^0.6.3",
        "@cosmjs/amino": "0.27.0",
        "@cosmjs/encoding": "0.27.0",
        "@cosmjs/math": "0.27.0",
        "@cosmjs/proto-signing": "0.27.0",
        "@cosmjs/stream": "0.27.0",
        "@cosmjs/tendermint-rpc": "0.27.0",
        "@cosmjs/utils": "0.27.0",
        "cosmjs-types": "^0.4.0",
        "long": "^4.0.0",
        "protobufjs": "~6.10.2",
        "xstream": "^11.14.0"
      }
    },
    "node_modules/@cosmjs/stargate/node_modules/@cosmjs/stream": {
      "version": "0.27.0",
      "license": "Apache-2.0",
      "dependencies": {
        "xstream": "^11.14.0"
      }
    },
    "node_modules/@cosmjs/stargate/node_modules/long": {
      "version": "4.0.0",
      "license": "Apache-2.0"
    },
    "node_modules/@cosmjs/stargate/node_modules/protobufjs": {
      "version": "6.10.3",
      "hasInstallScript": true,
      "license": "BSD-3-Clause",
      "dependencies": {
        "@protobufjs/aspromise": "^1.1.2",
        "@protobufjs/base64": "^1.1.2",
        "@protobufjs/codegen": "^2.0.4",
        "@protobufjs/eventemitter": "^1.1.0",
        "@protobufjs/fetch": "^1.1.0",
        "@protobufjs/float": "^1.0.2",
        "@protobufjs/inquire": "^1.1.0",
        "@protobufjs/path": "^1.1.2",
        "@protobufjs/pool": "^1.1.0",
        "@protobufjs/utf8": "^1.1.0",
        "@types/long": "^4.0.1",
        "@types/node": "^13.7.0",
        "long": "^4.0.0"
      },
      "bin": {
        "pbjs": "bin/pbjs",
        "pbts": "bin/pbts"
      }
    },
    "node_modules/@cosmjs/stargate/node_modules/protobufjs/node_modules/@types/node": {
      "version": "13.13.52",
      "license": "MIT"
    },
    "node_modules/@cosmjs/stream": {
      "version": "0.32.4",
      "license": "Apache-2.0",
      "dependencies": {
        "xstream": "^11.14.0"
      }
    },
    "node_modules/@cosmjs/tendermint-rpc": {
      "version": "0.27.0",
      "license": "Apache-2.0",
      "dependencies": {
        "@cosmjs/crypto": "0.27.0",
        "@cosmjs/encoding": "0.27.0",
        "@cosmjs/json-rpc": "0.27.0",
        "@cosmjs/math": "0.27.0",
        "@cosmjs/socket": "0.27.0",
        "@cosmjs/stream": "0.27.0",
        "axios": "^0.21.2",
        "readonly-date": "^1.0.0",
        "xstream": "^11.14.0"
      }
    },
    "node_modules/@cosmjs/tendermint-rpc/node_modules/@cosmjs/json-rpc": {
      "version": "0.27.0",
      "license": "Apache-2.0",
      "dependencies": {
        "@cosmjs/stream": "0.27.0",
        "xstream": "^11.14.0"
      }
    },
    "node_modules/@cosmjs/tendermint-rpc/node_modules/@cosmjs/stream": {
      "version": "0.27.0",
      "license": "Apache-2.0",
      "dependencies": {
        "xstream": "^11.14.0"
      }
    },
    "node_modules/@cosmjs/tendermint-rpc/node_modules/axios": {
      "version": "0.21.4",
      "license": "MIT",
      "dependencies": {
        "follow-redirects": "^1.14.0"
      }
    },
    "node_modules/@cosmjs/utils": {
      "version": "0.27.0",
      "license": "Apache-2.0"
    },
    "node_modules/@keplr-wallet/types": {
      "version": "0.11.64",
      "license": "Apache-2.0",
      "dependencies": {
        "axios": "^0.27.2",
        "long": "^4.0.0"
      }
    },
    "node_modules/@keplr-wallet/types/node_modules/axios": {
      "version": "0.27.2",
      "license": "MIT",
      "dependencies": {
        "follow-redirects": "^1.14.9",
        "form-data": "^4.0.0"
      }
    },
    "node_modules/@keplr-wallet/types/node_modules/long": {
      "version": "4.0.0",
      "license": "Apache-2.0"
    },
    "node_modules/@neutron-org/client-ts": {
      "version": "1.4.0",
      "license": "Apache-2.0",
      "dependencies": {
        "@cosmjs/launchpad": "0.27.0",
        "@cosmjs/proto-signing": "0.27.0",
        "@cosmjs/stargate": "0.27.0",
        "@keplr-wallet/types": "^0.11.3",
        "axios": "0.21.1",
        "buffer": "^6.0.3",
        "events": "^3.3.0",
        "protobufjs": "^7.2.0"
      },
      "peerDependencies": {
        "@cosmjs/launchpad": "0.27.0",
        "@cosmjs/proto-signing": "0.27.0",
        "@cosmjs/stargate": "0.27.0"
      }
    },
    "node_modules/@neutron-org/neutronjs": {
      "version": "4.2.0",
      "license": "Apache-2.0"
    },
    "node_modules/@noble/hashes": {
      "version": "1.6.1",
      "license": "MIT",
      "engines": {
        "node": "^14.21.3 || >=16"
      },
      "funding": {
        "url": "https://paulmillr.com/funding/"
      }
    },
    "node_modules/@protobufjs/aspromise": {
      "version": "1.1.2",
      "license": "BSD-3-Clause"
    },
    "node_modules/@protobufjs/base64": {
      "version": "1.1.2",
      "license": "BSD-3-Clause"
    },
    "node_modules/@protobufjs/codegen": {
      "version": "2.0.4",
      "license": "BSD-3-Clause"
    },
    "node_modules/@protobufjs/eventemitter": {
      "version": "1.1.0",
      "license": "BSD-3-Clause"
    },
    "node_modules/@protobufjs/fetch": {
      "version": "1.1.0",
      "license": "BSD-3-Clause",
      "dependencies": {
        "@protobufjs/aspromise": "^1.1.1",
        "@protobufjs/inquire": "^1.1.0"
      }
    },
    "node_modules/@protobufjs/float": {
      "version": "1.0.2",
      "license": "BSD-3-Clause"
    },
    "node_modules/@protobufjs/inquire": {
      "version": "1.1.0",
      "license": "BSD-3-Clause"
    },
    "node_modules/@protobufjs/path": {
      "version": "1.1.2",
      "license": "BSD-3-Clause"
    },
    "node_modules/@protobufjs/pool": {
      "version": "1.1.0",
      "license": "BSD-3-Clause"
    },
    "node_modules/@protobufjs/utf8": {
      "version": "1.1.0",
      "license": "BSD-3-Clause"
    },
    "node_modules/@tendermint/amino-js": {
      "version": "0.6.2",
      "resolved": "git+ssh://git@github.com/cosmos/amino-js.git#9d133acd18e41f56b9c2059a47b6c7f31acf92e5",
      "license": "Apache-2.0",
      "dependencies": {
        "@tendermint/belt": "0.2.1",
        "@tendermint/types": "0.1.1"
      },
      "engines": {
        "node": ">=10"
      }
    },
    "node_modules/@tendermint/belt": {
      "version": "0.2.1",
      "license": "Apache-2.0",
      "dependencies": {
        "@tendermint/types": "0.1.1"
      },
      "engines": {
        "node": ">=10"
      }
    },
    "node_modules/@tendermint/types": {
      "version": "0.1.1",
      "license": "Apache-2.0",
      "engines": {
        "node": ">=10"
      }
    },
    "node_modules/@types/long": {
      "version": "4.0.2",
      "license": "MIT"
    },
    "node_modules/@types/node": {
      "version": "22.10.1",
      "license": "MIT",
      "dependencies": {
        "undici-types": "~6.20.0"
      }
    },
    "node_modules/asynckit": {
      "version": "0.4.0",
      "license": "MIT"
    },
    "node_modules/axios": {
      "version": "0.21.1",
      "license": "MIT",
      "dependencies": {
        "follow-redirects": "^1.10.0"
      }
    },
    "node_modules/base64-js": {
      "version": "1.5.1",
      "funding": [
        {
          "type": "github",
          "url": "https://github.com/sponsors/feross"
        },
        {
          "type": "patreon",
          "url": "https://www.patreon.com/feross"
        },
        {
          "type": "consulting",
          "url": "https://feross.org/support"
        }
      ],
      "license": "MIT"
    },
    "node_modules/bech32": {
      "version": "1.1.4",
      "license": "MIT"
    },
    "node_modules/bip39": {
      "version": "3.1.0",
      "license": "ISC",
      "dependencies": {
        "@noble/hashes": "^1.2.0"
      }
    },
    "node_modules/bn.js": {
      "version": "5.2.1",
      "license": "MIT"
    },
    "node_modules/brorand": {
      "version": "1.1.0",
      "license": "MIT"
    },
    "node_modules/buffer": {
      "version": "6.0.3",
      "funding": [
        {
          "type": "github",
          "url": "https://github.com/sponsors/feross"
        },
        {
          "type": "patreon",
          "url": "https://www.patreon.com/feross"
        },
        {
          "type": "consulting",
          "url": "https://feross.org/support"
        }
      ],
      "license": "MIT",
      "dependencies": {
        "base64-js": "^1.3.1",
        "ieee754": "^1.2.1"
      }
    },
    "node_modules/combined-stream": {
      "version": "1.0.8",
      "license": "MIT",
      "dependencies": {
        "delayed-stream": "~1.0.0"
      },
      "engines": {
        "node": ">= 0.8"
      }
    },
    "node_modules/cosmjs-types": {
      "version": "0.4.1",
      "license": "Apache-2.0",
      "dependencies": {
        "long": "^4.0.0",
        "protobufjs": "~6.11.2"
      }
    },
    "node_modules/cosmjs-types/node_modules/long": {
      "version": "4.0.0",
      "license": "Apache-2.0"
    },
    "node_modules/cosmjs-types/node_modules/protobufjs": {
      "version": "6.11.4",
      "hasInstallScript": true,
      "license": "BSD-3-Clause",
      "dependencies": {
        "@protobufjs/aspromise": "^1.1.2",
        "@protobufjs/base64": "^1.1.2",
        "@protobufjs/codegen": "^2.0.4",
        "@protobufjs/eventemitter": "^1.1.0",
        "@protobufjs/fetch": "^1.1.0",
        "@protobufjs/float": "^1.0.2",
        "@protobufjs/inquire": "^1.1.0",
        "@protobufjs/path": "^1.1.2",
        "@protobufjs/pool": "^1.1.0",
        "@protobufjs/utf8": "^1.1.0",
        "@types/long": "^4.0.1",
        "@types/node": ">=13.7.0",
        "long": "^4.0.0"
      },
      "bin": {
        "pbjs": "bin/pbjs",
        "pbts": "bin/pbts"
      }
    },
    "node_modules/define-data-property": {
      "version": "1.1.4",
      "license": "MIT",
      "dependencies": {
        "es-define-property": "^1.0.0",
        "es-errors": "^1.3.0",
        "gopd": "^1.0.1"
      },
      "engines": {
        "node": ">= 0.4"
      },
      "funding": {
        "url": "https://github.com/sponsors/ljharb"
      }
    },
    "node_modules/define-properties": {
      "version": "1.2.1",
      "license": "MIT",
      "dependencies": {
        "define-data-property": "^1.0.1",
        "has-property-descriptors": "^1.0.0",
        "object-keys": "^1.1.1"
      },
      "engines": {
        "node": ">= 0.4"
      },
      "funding": {
        "url": "https://github.com/sponsors/ljharb"
      }
    },
    "node_modules/delayed-stream": {
      "version": "1.0.0",
      "license": "MIT",
      "engines": {
        "node": ">=0.4.0"
      }
    },
    "node_modules/elliptic": {
      "version": "6.6.1",
      "license": "MIT",
      "dependencies": {
        "bn.js": "^4.11.9",
        "brorand": "^1.1.0",
        "hash.js": "^1.0.0",
        "hmac-drbg": "^1.0.1",
        "inherits": "^2.0.4",
        "minimalistic-assert": "^1.0.1",
        "minimalistic-crypto-utils": "^1.0.1"
      }
    },
    "node_modules/elliptic/node_modules/bn.js": {
      "version": "4.12.1",
      "license": "MIT"
    },
    "node_modules/es-define-property": {
      "version": "1.0.1",
      "license": "MIT",
      "engines": {
        "node": ">= 0.4"
      }
    },
    "node_modules/es-errors": {
      "version": "1.3.0",
      "license": "MIT",
      "engines": {
        "node": ">= 0.4"
      }
    },
    "node_modules/events": {
      "version": "3.3.0",
      "license": "MIT",
      "engines": {
        "node": ">=0.8.x"
      }
    },
    "node_modules/fast-deep-equal": {
      "version": "3.1.3",
      "license": "MIT"
    },
    "node_modules/follow-redirects": {
      "version": "1.15.9",
      "funding": [
        {
          "type": "individual",
          "url": "https://github.com/sponsors/RubenVerborgh"
        }
      ],
      "license": "MIT",
      "engines": {
        "node": ">=4.0"
      },
      "peerDependenciesMeta": {
        "debug": {
          "optional": true
        }
      }
    },
    "node_modules/form-data": {
      "version": "4.0.1",
      "license": "MIT",
      "dependencies": {
        "asynckit": "^0.4.0",
        "combined-stream": "^1.0.8",
        "mime-types": "^2.1.12"
      },
      "engines": {
        "node": ">= 6"
      }
    },
    "node_modules/globalthis": {
      "version": "1.0.4",
      "license": "MIT",
      "dependencies": {
        "define-properties": "^1.2.1",
        "gopd": "^1.0.1"
      },
      "engines": {
        "node": ">= 0.4"
      },
      "funding": {
        "url": "https://github.com/sponsors/ljharb"
      }
    },
    "node_modules/gopd": {
      "version": "1.2.0",
      "license": "MIT",
      "engines": {
        "node": ">= 0.4"
      },
      "funding": {
        "url": "https://github.com/sponsors/ljharb"
      }
    },
    "node_modules/has-property-descriptors": {
      "version": "1.0.2",
      "license": "MIT",
      "dependencies": {
        "es-define-property": "^1.0.0"
      },
      "funding": {
        "url": "https://github.com/sponsors/ljharb"
      }
    },
    "node_modules/hash-base": {
      "version": "3.1.0",
      "license": "MIT",
      "dependencies": {
        "inherits": "^2.0.4",
        "readable-stream": "^3.6.0",
        "safe-buffer": "^5.2.0"
      },
      "engines": {
        "node": ">=4"
      }
    },
    "node_modules/hash.js": {
      "version": "1.1.7",
      "license": "MIT",
      "dependencies": {
        "inherits": "^2.0.3",
        "minimalistic-assert": "^1.0.1"
      }
    },
    "node_modules/hmac-drbg": {
      "version": "1.0.1",
      "license": "MIT",
      "dependencies": {
        "hash.js": "^1.0.3",
        "minimalistic-assert": "^1.0.0",
        "minimalistic-crypto-utils": "^1.0.1"
      }
    },
    "node_modules/ieee754": {
      "version": "1.2.1",
      "funding": [
        {
          "type": "github",
          "url": "https://github.com/sponsors/feross"
        },
        {
          "type": "patreon",
          "url": "https://www.patreon.com/feross"
        },
        {
          "type": "consulting",
          "url": "https://feross.org/support"
        }
      ],
      "license": "BSD-3-Clause"
    },
    "node_modules/inherits": {
      "version": "2.0.4",
      "license": "ISC"
    },
    "node_modules/isomorphic-ws": {
      "version": "4.0.1",
      "license": "MIT",
      "peerDependencies": {
        "ws": "*"
      }
    },
    "node_modules/js-sha3": {
      "version": "0.8.0",
      "license": "MIT"
    },
    "node_modules/libsodium": {
      "version": "0.7.15",
      "license": "ISC"
    },
    "node_modules/libsodium-wrappers": {
      "version": "0.7.15",
      "license": "ISC",
      "dependencies": {
        "libsodium": "^0.7.15"
      }
    },
    "node_modules/long": {
      "version": "5.2.3",
      "license": "Apache-2.0"
    },
    "node_modules/mime-db": {
      "version": "1.52.0",
      "license": "MIT",
      "engines": {
        "node": ">= 0.6"
      }
    },
    "node_modules/mime-types": {
      "version": "2.1.35",
      "license": "MIT",
      "dependencies": {
        "mime-db": "1.52.0"
      },
      "engines": {
        "node": ">= 0.6"
      }
    },
    "node_modules/minimalistic-assert": {
      "version": "1.0.1",
      "license": "ISC"
    },
    "node_modules/minimalistic-crypto-utils": {
      "version": "1.0.1",
      "license": "MIT"
    },
    "node_modules/object-keys": {
      "version": "1.1.1",
      "license": "MIT",
      "engines": {
        "node": ">= 0.4"
      }
    },
    "node_modules/protobufjs": {
      "version": "7.4.0",
      "hasInstallScript": true,
      "license": "BSD-3-Clause",
      "dependencies": {
        "@protobufjs/aspromise": "^1.1.2",
        "@protobufjs/base64": "^1.1.2",
        "@protobufjs/codegen": "^2.0.4",
        "@protobufjs/eventemitter": "^1.1.0",
        "@protobufjs/fetch": "^1.1.0",
        "@protobufjs/float": "^1.0.2",
        "@protobufjs/inquire": "^1.1.0",
        "@protobufjs/path": "^1.1.2",
        "@protobufjs/pool": "^1.1.0",
        "@protobufjs/utf8": "^1.1.0",
        "@types/node": ">=13.7.0",
        "long": "^5.0.0"
      },
      "engines": {
        "node": ">=12.0.0"
      }
    },
    "node_modules/readable-stream": {
      "version": "3.6.2",
      "license": "MIT",
      "dependencies": {
        "inherits": "^2.0.3",
        "string_decoder": "^1.1.1",
        "util-deprecate": "^1.0.1"
      },
      "engines": {
        "node": ">= 6"
      }
    },
    "node_modules/readonly-date": {
      "version": "1.0.0",
      "license": "Apache-2.0"
    },
    "node_modules/ripemd160": {
      "version": "2.0.2",
      "license": "MIT",
      "dependencies": {
        "hash-base": "^3.0.0",
        "inherits": "^2.0.1"
      }
    },
    "node_modules/safe-buffer": {
      "version": "5.2.1",
      "funding": [
        {
          "type": "github",
          "url": "https://github.com/sponsors/feross"
        },
        {
          "type": "patreon",
          "url": "https://www.patreon.com/feross"
        },
        {
          "type": "consulting",
          "url": "https://feross.org/support"
        }
      ],
      "license": "MIT"
    },
    "node_modules/sha.js": {
      "version": "2.4.11",
      "license": "(MIT AND BSD-3-Clause)",
      "dependencies": {
        "inherits": "^2.0.1",
        "safe-buffer": "^5.0.1"
      },
      "bin": {
        "sha.js": "bin.js"
      }
    },
    "node_modules/string_decoder": {
      "version": "1.3.0",
      "license": "MIT",
      "dependencies": {
        "safe-buffer": "~5.2.0"
      }
    },
    "node_modules/symbol-observable": {
      "version": "2.0.3",
      "license": "MIT",
      "engines": {
        "node": ">=0.10"
      }
    },
    "node_modules/undici-types": {
      "version": "6.20.0",
      "license": "MIT"
    },
    "node_modules/util-deprecate": {
      "version": "1.0.2",
      "license": "MIT"
    },
    "node_modules/ws": {
      "version": "7.5.10",
      "license": "MIT",
      "engines": {
        "node": ">=8.3.0"
      },
      "peerDependencies": {
        "bufferutil": "^4.0.1",
        "utf-8-validate": "^5.0.2"
      },
      "peerDependenciesMeta": {
        "bufferutil": {
          "optional": true
        },
        "utf-8-validate": {
          "optional": true
        }
      }
    },
    "node_modules/xstream": {
      "version": "11.14.0",
      "license": "MIT",
      "dependencies": {
        "globalthis": "^1.0.1",
        "symbol-observable": "^2.0.3"
      }
    }
  }
}
